// !$*UTF8*$!
{
	archiveVersion = 1;
	classes = {
	};
	objectVersion = 46;
	objects = {

/* Begin PBXBuildFile section */
		75225BFE1BE77031002022DD /* AppDelegate.swift in Sources */ = {isa = PBXBuildFile; fileRef = 75225BFD1BE77031002022DD /* AppDelegate.swift */; };
		75225C001BE77031002022DD /* ViewController.swift in Sources */ = {isa = PBXBuildFile; fileRef = 75225BFF1BE77031002022DD /* ViewController.swift */; };
		75225C031BE77031002022DD /* Main.storyboard in Resources */ = {isa = PBXBuildFile; fileRef = 75225C011BE77031002022DD /* Main.storyboard */; };
		75225C051BE77031002022DD /* Assets.xcassets in Resources */ = {isa = PBXBuildFile; fileRef = 75225C041BE77031002022DD /* Assets.xcassets */; };
		75225C081BE77031002022DD /* LaunchScreen.storyboard in Resources */ = {isa = PBXBuildFile; fileRef = 75225C061BE77031002022DD /* LaunchScreen.storyboard */; };
		75225C131BE77031002022DD /* navigation_Test1Tests.swift in Sources */ = {isa = PBXBuildFile; fileRef = 75225C121BE77031002022DD /* navigation_Test1Tests.swift */; };
		75225C1E1BE77031002022DD /* navigation_Test1UITests.swift in Sources */ = {isa = PBXBuildFile; fileRef = 75225C1D1BE77031002022DD /* navigation_Test1UITests.swift */; };
		75225C2C1BE77167002022DD /* %ED%88%AC%EB%AA%85%EB%B0%B0%EA%B2%BD%ED%99%94%EC%82%B4%ED%91%9C(red).png in Resources */ = {isa = PBXBuildFile; fileRef = 75225C2B1BE77167002022DD /* %ED%88%AC%EB%AA%85%EB%B0%B0%EA%B2%BD%ED%99%94%EC%82%B4%ED%91%9C(red).png */; };
/* End PBXBuildFile section */

/* Begin PBXContainerItemProxy section */
		75225C0F1BE77031002022DD /* PBXContainerItemProxy */ = {
			isa = PBXContainerItemProxy;
			containerPortal = 75225BF21BE77031002022DD /* Project object */;
			proxyType = 1;
			remoteGlobalIDString = 75225BF91BE77031002022DD;
			remoteInfo = navigation_Test1;
		};
		75225C1A1BE77031002022DD /* PBXContainerItemProxy */ = {
			isa = PBXContainerItemProxy;
			containerPortal = 75225BF21BE77031002022DD /* Project object */;
			proxyType = 1;
			remoteGlobalIDString = 75225BF91BE77031002022DD;
			remoteInfo = navigation_Test1;
		};
/* End PBXContainerItemProxy section */

/* Begin PBXFileReference section */
		75225BFA1BE77031002022DD /* navigation_Test1.app */ = {isa = PBXFileReference; explicitFileType = wrapper.application; includeInIndex = 0; path = navigation_Test1.app; sourceTree = BUILT_PRODUCTS_DIR; };
		75225BFD1BE77031002022DD /* AppDelegate.swift */ = {isa = PBXFileReference; lastKnownFileType = sourcecode.swift; path = AppDelegate.swift; sourceTree = "<group>"; };
		75225BFF1BE77031002022DD /* ViewController.swift */ = {isa = PBXFileReference; lastKnownFileType = sourcecode.swift; path = ViewController.swift; sourceTree = "<group>"; };
		75225C021BE77031002022DD /* Base */ = {isa = PBXFileReference; lastKnownFileType = file.storyboard; name = Base; path = Base.lproj/Main.storyboard; sourceTree = "<group>"; };
		75225C041BE77031002022DD /* Assets.xcassets */ = {isa = PBXFileReference; lastKnownFileType = folder.assetcatalog; path = Assets.xcassets; sourceTree = "<group>"; };
		75225C071BE77031002022DD /* Base */ = {isa = PBXFileReference; lastKnownFileType = file.storyboard; name = Base; path = Base.lproj/LaunchScreen.storyboard; sourceTree = "<group>"; };
		75225C091BE77031002022DD /* Info.plist */ = {isa = PBXFileReference; lastKnownFileType = text.plist.xml; path = Info.plist; sourceTree = "<group>"; };
		75225C0E1BE77031002022DD /* navigation_Test1Tests.xctest */ = {isa = PBXFileReference; explicitFileType = wrapper.cfbundle; includeInIndex = 0; path = navigation_Test1Tests.xctest; sourceTree = BUILT_PRODUCTS_DIR; };
		75225C121BE77031002022DD /* navigation_Test1Tests.swift */ = {isa = PBXFileReference; lastKnownFileType = sourcecode.swift; path = navigation_Test1Tests.swift; sourceTree = "<group>"; };
		75225C141BE77031002022DD /* Info.plist */ = {isa = PBXFileReference; lastKnownFileType = text.plist.xml; path = Info.plist; sourceTree = "<group>"; };
		75225C191BE77031002022DD /* navigation_Test1UITests.xctest */ = {isa = PBXFileReference; explicitFileType = wrapper.cfbundle; includeInIndex = 0; path = navigation_Test1UITests.xctest; sourceTree = BUILT_PRODUCTS_DIR; };
		75225C1D1BE77031002022DD /* navigation_Test1UITests.swift */ = {isa = PBXFileReference; lastKnownFileType = sourcecode.swift; path = navigation_Test1UITests.swift; sourceTree = "<group>"; };
		75225C1F1BE77031002022DD /* Info.plist */ = {isa = PBXFileReference; lastKnownFileType = text.plist.xml; path = Info.plist; sourceTree = "<group>"; };
		75225C2B1BE77167002022DD /* %ED%88%AC%EB%AA%85%EB%B0%B0%EA%B2%BD%ED%99%94%EC%82%B4%ED%91%9C(red).png */ = {isa = PBXFileReference; lastKnownFileType = image.png; name = "%ED%88%AC%EB%AA%85%EB%B0%B0%EA%B2%BD%ED%99%94%EC%82%B4%ED%91%9C(red).png"; path = "../../../Downloads/%ED%88%AC%EB%AA%85%EB%B0%B0%EA%B2%BD%ED%99%94%EC%82%B4%ED%91%9C(red).png"; sourceTree = "<group>"; };
/* End PBXFileReference section */

/* Begin PBXFrameworksBuildPhase section */
		75225BF71BE77031002022DD /* Frameworks */ = {
			isa = PBXFrameworksBuildPhase;
			buildActionMask = 2147483647;
			files = (
			);
			runOnlyForDeploymentPostprocessing = 0;
		};
		75225C0B1BE77031002022DD /* Frameworks */ = {
			isa = PBXFrameworksBuildPhase;
			buildActionMask = 2147483647;
			files = (
			);
			runOnlyForDeploymentPostprocessing = 0;
		};
		75225C161BE77031002022DD /* Frameworks */ = {
			isa = PBXFrameworksBuildPhase;
			buildActionMask = 2147483647;
			files = (
			);
			runOnlyForDeploymentPostprocessing = 0;
		};
/* End PBXFrameworksBuildPhase section */

/* Begin PBXGroup section */
		75225BF11BE77031002022DD = {
			isa = PBXGroup;
			children = (
				75225BFC1BE77031002022DD /* navigation_Test1 */,
				75225C111BE77031002022DD /* navigation_Test1Tests */,
				75225C1C1BE77031002022DD /* navigation_Test1UITests */,
				75225BFB1BE77031002022DD /* Products */,
			);
			sourceTree = "<group>";
		};
		75225BFB1BE77031002022DD /* Products */ = {
			isa = PBXGroup;
			children = (
				75225BFA1BE77031002022DD /* navigation_Test1.app */,
				75225C0E1BE77031002022DD /* navigation_Test1Tests.xctest */,
				75225C191BE77031002022DD /* navigation_Test1UITests.xctest */,
			);
			name = Products;
			sourceTree = "<group>";
		};
		75225BFC1BE77031002022DD /* navigation_Test1 */ = {
			isa = PBXGroup;
			children = (
				75225BFD1BE77031002022DD /* AppDelegate.swift */,
				75225BFF1BE77031002022DD /* ViewController.swift */,
				75225C011BE77031002022DD /* Main.storyboard */,
				75225C041BE77031002022DD /* Assets.xcassets */,
				75225C2B1BE77167002022DD /* %ED%88%AC%EB%AA%85%EB%B0%B0%EA%B2%BD%ED%99%94%EC%82%B4%ED%91%9C(red).png */,
				75225C061BE77031002022DD /* LaunchScreen.storyboard */,
				75225C091BE77031002022DD /* Info.plist */,
			);
			path = navigation_Test1;
			sourceTree = "<group>";
		};
		75225C111BE77031002022DD /* navigation_Test1Tests */ = {
			isa = PBXGroup;
			children = (
				75225C121BE77031002022DD /* navigation_Test1Tests.swift */,
				75225C141BE77031002022DD /* Info.plist */,
			);
			path = navigation_Test1Tests;
			sourceTree = "<group>";
		};
		75225C1C1BE77031002022DD /* navigation_Test1UITests */ = {
			isa = PBXGroup;
			children = (
				75225C1D1BE77031002022DD /* navigation_Test1UITests.swift */,
				75225C1F1BE77031002022DD /* Info.plist */,
			);
			path = navigation_Test1UITests;
			sourceTree = "<group>";
		};
/* End PBXGroup section */

/* Begin PBXNativeTarget section */
		75225BF91BE77031002022DD /* navigation_Test1 */ = {
			isa = PBXNativeTarget;
			buildConfigurationList = 75225C221BE77031002022DD /* Build configuration list for PBXNativeTarget "navigation_Test1" */;
			buildPhases = (
				75225BF61BE77031002022DD /* Sources */,
				75225BF71BE77031002022DD /* Frameworks */,
				75225BF81BE77031002022DD /* Resources */,
			);
			buildRules = (
			);
			dependencies = (
			);
			name = navigation_Test1;
			productName = navigation_Test1;
			productReference = 75225BFA1BE77031002022DD /* navigation_Test1.app */;
			productType = "com.apple.product-type.application";
		};
		75225C0D1BE77031002022DD /* navigation_Test1Tests */ = {
			isa = PBXNativeTarget;
			buildConfigurationList = 75225C251BE77031002022DD /* Build configuration list for PBXNativeTarget "navigation_Test1Tests" */;
			buildPhases = (
				75225C0A1BE77031002022DD /* Sources */,
				75225C0B1BE77031002022DD /* Frameworks */,
				75225C0C1BE77031002022DD /* Resources */,
			);
			buildRules = (
			);
			dependencies = (
				75225C101BE77031002022DD /* PBXTargetDependency */,
			);
			name = navigation_Test1Tests;
			productName = navigation_Test1Tests;
			productReference = 75225C0E1BE77031002022DD /* navigation_Test1Tests.xctest */;
			productType = "com.apple.product-type.bundle.unit-test";
		};
		75225C181BE77031002022DD /* navigation_Test1UITests */ = {
			isa = PBXNativeTarget;
			buildConfigurationList = 75225C281BE77031002022DD /* Build configuration list for PBXNativeTarget "navigation_Test1UITests" */;
			buildPhases = (
				75225C151BE77031002022DD /* Sources */,
				75225C161BE77031002022DD /* Frameworks */,
				75225C171BE77031002022DD /* Resources */,
			);
			buildRules = (
			);
			dependencies = (
				75225C1B1BE77031002022DD /* PBXTargetDependency */,
			);
			name = navigation_Test1UITests;
			productName = navigation_Test1UITests;
			productReference = 75225C191BE77031002022DD /* navigation_Test1UITests.xctest */;
			productType = "com.apple.product-type.bundle.ui-testing";
		};
/* End PBXNativeTarget section */

/* Begin PBXProject section */
		75225BF21BE77031002022DD /* Project object */ = {
			isa = PBXProject;
			attributes = {
				LastSwiftUpdateCheck = 0710;
				LastUpgradeCheck = 0710;
				ORGANIZATIONNAME = XNRND;
				TargetAttributes = {
					75225BF91BE77031002022DD = {
						CreatedOnToolsVersion = 7.1;
						DevelopmentTeam = V9BXH6Q37J;
					};
					75225C0D1BE77031002022DD = {
						CreatedOnToolsVersion = 7.1;
						DevelopmentTeam = V9BXH6Q37J;
						TestTargetID = 75225BF91BE77031002022DD;
					};
					75225C181BE77031002022DD = {
						CreatedOnToolsVersion = 7.1;
						DevelopmentTeam = V9BXH6Q37J;
						TestTargetID = 75225BF91BE77031002022DD;
					};
				};
			};
			buildConfigurationList = 75225BF51BE77031002022DD /* Build configuration list for PBXProject "navigation_Test1" */;
			compatibilityVersion = "Xcode 3.2";
			developmentRegion = English;
			hasScannedForEncodings = 0;
			knownRegions = (
				en,
				Base,
			);
			mainGroup = 75225BF11BE77031002022DD;
			productRefGroup = 75225BFB1BE77031002022DD /* Products */;
			projectDirPath = "";
			projectRoot = "";
			targets = (
				75225BF91BE77031002022DD /* navigation_Test1 */,
				75225C0D1BE77031002022DD /* navigation_Test1Tests */,
				75225C181BE77031002022DD /* navigation_Test1UITests */,
			);
		};
/* End PBXProject section */

/* Begin PBXResourcesBuildPhase section */
		75225BF81BE77031002022DD /* Resources */ = {
			isa = PBXResourcesBuildPhase;
			buildActionMask = 2147483647;
			files = (
				75225C081BE77031002022DD /* LaunchScreen.storyboard in Resources */,
				75225C2C1BE77167002022DD /* %ED%88%AC%EB%AA%85%EB%B0%B0%EA%B2%BD%ED%99%94%EC%82%B4%ED%91%9C(red).png in Resources */,
				75225C051BE77031002022DD /* Assets.xcassets in Resources */,
				75225C031BE77031002022DD /* Main.storyboard in Resources */,
			);
			runOnlyForDeploymentPostprocessing = 0;
		};
		75225C0C1BE77031002022DD /* Resources */ = {
			isa = PBXResourcesBuildPhase;
			buildActionMask = 2147483647;
			files = (
			);
			runOnlyForDeploymentPostprocessing = 0;
		};
		75225C171BE77031002022DD /* Resources */ = {
			isa = PBXResourcesBuildPhase;
			buildActionMask = 2147483647;
			files = (
			);
			runOnlyForDeploymentPostprocessing = 0;
		};
/* End PBXResourcesBuildPhase section */

/* Begin PBXSourcesBuildPhase section */
		75225BF61BE77031002022DD /* Sources */ = {
			isa = PBXSourcesBuildPhase;
			buildActionMask = 2147483647;
			files = (
				75225C001BE77031002022DD /* ViewController.swift in Sources */,
				75225BFE1BE77031002022DD /* AppDelegate.swift in Sources */,
			);
			runOnlyForDeploymentPostprocessing = 0;
		};
		75225C0A1BE77031002022DD /* Sources */ = {
			isa = PBXSourcesBuildPhase;
			buildActionMask = 2147483647;
			files = (
				75225C131BE77031002022DD /* navigation_Test1Tests.swift in Sources */,
			);
			runOnlyForDeploymentPostprocessing = 0;
		};
		75225C151BE77031002022DD /* Sources */ = {
			isa = PBXSourcesBuildPhase;
			buildActionMask = 2147483647;
			files = (
				75225C1E1BE77031002022DD /* navigation_Test1UITests.swift in Sources */,
			);
			runOnlyForDeploymentPostprocessing = 0;
		};
/* End PBXSourcesBuildPhase section */

/* Begin PBXTargetDependency section */
		75225C101BE77031002022DD /* PBXTargetDependency */ = {
			isa = PBXTargetDependency;
			target = 75225BF91BE77031002022DD /* navigation_Test1 */;
			targetProxy = 75225C0F1BE77031002022DD /* PBXContainerItemProxy */;
		};
		75225C1B1BE77031002022DD /* PBXTargetDependency */ = {
			isa = PBXTargetDependency;
			target = 75225BF91BE77031002022DD /* navigation_Test1 */;
			targetProxy = 75225C1A1BE77031002022DD /* PBXContainerItemProxy */;
		};
/* End PBXTargetDependency section */

/* Begin PBXVariantGroup section */
		75225C011BE77031002022DD /* Main.storyboard */ = {
			isa = PBXVariantGroup;
			children = (
				75225C021BE77031002022DD /* Base */,
			);
			name = Main.storyboard;
			sourceTree = "<group>";
		};
		75225C061BE77031002022DD /* LaunchScreen.storyboard */ = {
			isa = PBXVariantGroup;
			children = (
				75225C071BE77031002022DD /* Base */,
			);
			name = LaunchScreen.storyboard;
			sourceTree = "<group>";
		};
/* End PBXVariantGroup section */

/* Begin XCBuildConfiguration section */
		75225C201BE77031002022DD /* Debug */ = {
			isa = XCBuildConfiguration;
			buildSettings = {
				ALWAYS_SEARCH_USER_PATHS = NO;
				CLANG_CXX_LANGUAGE_STANDARD = "gnu++0x";
				CLANG_CXX_LIBRARY = "libc++";
				CLANG_ENABLE_MODULES = YES;
				CLANG_ENABLE_OBJC_ARC = YES;
				CLANG_WARN_BOOL_CONVERSION = YES;
				CLANG_WARN_CONSTANT_CONVERSION = YES;
				CLANG_WARN_DIRECT_OBJC_ISA_USAGE = YES_ERROR;
				CLANG_WARN_EMPTY_BODY = YES;
				CLANG_WARN_ENUM_CONVERSION = YES;
				CLANG_WARN_INT_CONVERSION = YES;
				CLANG_WARN_OBJC_ROOT_CLASS = YES_ERROR;
				CLANG_WARN_UNREACHABLE_CODE = YES;
				CLANG_WARN__DUPLICATE_METHOD_MATCH = YES;
				"CODE_SIGN_IDENTITY[sdk=iphoneos*]" = "iPhone Developer";
				COPY_PHASE_STRIP = NO;
				DEBUG_INFORMATION_FORMAT = dwarf;
				ENABLE_STRICT_OBJC_MSGSEND = YES;
				ENABLE_TESTABILITY = YES;
				GCC_C_LANGUAGE_STANDARD = gnu99;
				GCC_DYNAMIC_NO_PIC = NO;
				GCC_NO_COMMON_BLOCKS = YES;
				GCC_OPTIMIZATION_LEVEL = 0;
				GCC_PREPROCESSOR_DEFINITIONS = (
					"DEBUG=1",
					"$(inherited)",
				);
				GCC_WARN_64_TO_32_BIT_CONVERSION = YES;
				GCC_WARN_ABOUT_RETURN_TYPE = YES_ERROR;
				GCC_WARN_UNDECLARED_SELECTOR = YES;
				GCC_WARN_UNINITIALIZED_AUTOS = YES_AGGRESSIVE;
				GCC_WARN_UNUSED_FUNCTION = YES;
				GCC_WARN_UNUSED_VARIABLE = YES;
				IPHONEOS_DEPLOYMENT_TARGET = 9.1;
				MTL_ENABLE_DEBUG_INFO = YES;
				ONLY_ACTIVE_ARCH = YES;
				SDKROOT = iphoneos;
				SWIFT_OPTIMIZATION_LEVEL = "-Onone";
			};
			name = Debug;
		};
		75225C211BE77031002022DD /* Release */ = {
			isa = XCBuildConfiguration;
			buildSettings = {
				ALWAYS_SEARCH_USER_PATHS = NO;
				CLANG_CXX_LANGUAGE_STANDARD = "gnu++0x";
				CLANG_CXX_LIBRARY = "libc++";
				CLANG_ENABLE_MODULES = YES;
				CLANG_ENABLE_OBJC_ARC = YES;
				CLANG_WARN_BOOL_CONVERSION = YES;
				CLANG_WARN_CONSTANT_CONVERSION = YES;
				CLANG_WARN_DIRECT_OBJC_ISA_USAGE = YES_ERROR;
				CLANG_WARN_EMPTY_BODY = YES;
				CLANG_WARN_ENUM_CONVERSION = YES;
				CLANG_WARN_INT_CONVERSION = YES;
				CLANG_WARN_OBJC_ROOT_CLASS = YES_ERROR;
				CLANG_WARN_UNREACHABLE_CODE = YES;
				CLANG_WARN__DUPLICATE_METHOD_MATCH = YES;
				"CODE_SIGN_IDENTITY[sdk=iphoneos*]" = "iPhone Developer";
				COPY_PHASE_STRIP = NO;
				DEBUG_INFORMATION_FORMAT = "dwarf-with-dsym";
				ENABLE_NS_ASSERTIONS = NO;
				ENABLE_STRICT_OBJC_MSGSEND = YES;
				GCC_C_LANGUAGE_STANDARD = gnu99;
				GCC_NO_COMMON_BLOCKS = YES;
				GCC_WARN_64_TO_32_BIT_CONVERSION = YES;
				GCC_WARN_ABOUT_RETURN_TYPE = YES_ERROR;
				GCC_WARN_UNDECLARED_SELECTOR = YES;
				GCC_WARN_UNINITIALIZED_AUTOS = YES_AGGRESSIVE;
				GCC_WARN_UNUSED_FUNCTION = YES;
				GCC_WARN_UNUSED_VARIABLE = YES;
				IPHONEOS_DEPLOYMENT_TARGET = 9.1;
				MTL_ENABLE_DEBUG_INFO = NO;
				SDKROOT = iphoneos;
				VALIDATE_PRODUCT = YES;
			};
			name = Release;
		};
		75225C231BE77031002022DD /* Debug */ = {
			isa = XCBuildConfiguration;
			buildSettings = {
				ASSETCATALOG_COMPILER_APPICON_NAME = AppIcon;
				INFOPLIST_FILE = navigation_Test1/Info.plist;
				LD_RUNPATH_SEARCH_PATHS = "$(inherited) @executable_path/Frameworks";
				PRODUCT_BUNDLE_IDENTIFIER = "tv.xnrnd.sample.navigation-Test1";
				PRODUCT_NAME = "$(TARGET_NAME)";
				TARGETED_DEVICE_FAMILY = 1;
			};
			name = Debug;
		};
		75225C241BE77031002022DD /* Release */ = {
			isa = XCBuildConfiguration;
			buildSettings = {
				ASSETCATALOG_COMPILER_APPICON_NAME = AppIcon;
				INFOPLIST_FILE = navigation_Test1/Info.plist;
				LD_RUNPATH_SEARCH_PATHS = "$(inherited) @executable_path/Frameworks";
				PRODUCT_BUNDLE_IDENTIFIER = "tv.xnrnd.sample.navigation-Test1";
				PRODUCT_NAME = "$(TARGET_NAME)";
				TARGETED_DEVICE_FAMILY = 1;
			};
			name = Release;
		};
		75225C261BE77031002022DD /* Debug */ = {
			isa = XCBuildConfiguration;
			buildSettings = {
				BUNDLE_LOADER = "$(TEST_HOST)";
				INFOPLIST_FILE = navigation_Test1Tests/Info.plist;
				LD_RUNPATH_SEARCH_PATHS = "$(inherited) @executable_path/Frameworks @loader_path/Frameworks";
				PRODUCT_BUNDLE_IDENTIFIER = "tv.xnrnd.sample.navigation-Test1Tests";
				PRODUCT_NAME = "$(TARGET_NAME)";
				TEST_HOST = "$(BUILT_PRODUCTS_DIR)/navigation_Test1.app/navigation_Test1";
			};
			name = Debug;
		};
		75225C271BE77031002022DD /* Release */ = {
			isa = XCBuildConfiguration;
			buildSettings = {
				BUNDLE_LOADER = "$(TEST_HOST)";
				INFOPLIST_FILE = navigation_Test1Tests/Info.plist;
				LD_RUNPATH_SEARCH_PATHS = "$(inherited) @executable_path/Frameworks @loader_path/Frameworks";
				PRODUCT_BUNDLE_IDENTIFIER = "tv.xnrnd.sample.navigation-Test1Tests";
				PRODUCT_NAME = "$(TARGET_NAME)";
				TEST_HOST = "$(BUILT_PRODUCTS_DIR)/navigation_Test1.app/navigation_Test1";
			};
			name = Release;
		};
		75225C291BE77031002022DD /* Debug */ = {
			isa = XCBuildConfiguration;
			buildSettings = {
				INFOPLIST_FILE = navigation_Test1UITests/Info.plist;
				LD_RUNPATH_SEARCH_PATHS = "$(inherited) @executable_path/Frameworks @loader_path/Frameworks";
				PRODUCT_BUNDLE_IDENTIFIER = "tv.xnrnd.sample.navigation-Test1UITests";
				PRODUCT_NAME = "$(TARGET_NAME)";
				TEST_TARGET_NAME = navigation_Test1;
				USES_XCTRUNNER = YES;
			};
			name = Debug;
		};
		75225C2A1BE77031002022DD /* Release */ = {
			isa = XCBuildConfiguration;
			buildSettings = {
				INFOPLIST_FILE = navigation_Test1UITests/Info.plist;
				LD_RUNPATH_SEARCH_PATHS = "$(inherited) @executable_path/Frameworks @loader_path/Frameworks";
				PRODUCT_BUNDLE_IDENTIFIER = "tv.xnrnd.sample.navigation-Test1UITests";
				PRODUCT_NAME = "$(TARGET_NAME)";
				TEST_TARGET_NAME = navigation_Test1;
				USES_XCTRUNNER = YES;
			};
			name = Release;
		};
/* End XCBuildConfiguration section */

/* Begin XCConfigurationList section */
		75225BF51BE77031002022DD /* Build configuration list for PBXProject "navigation_Test1" */ = {
			isa = XCConfigurationList;
			buildConfigurations = (
				75225C201BE77031002022DD /* Debug */,
				75225C211BE77031002022DD /* Release */,
			);
			defaultConfigurationIsVisible = 0;
			defaultConfigurationName = Release;
		};
		75225C221BE77031002022DD /* Build configuration list for PBXNativeTarget "navigation_Test1" */ = {
			isa = XCConfigurationList;
			buildConfigurations = (
				75225C231BE77031002022DD /* Debug */,
				75225C241BE77031002022DD /* Release */,
			);
			defaultConfigurationIsVisible = 0;
			defaultConfigurationName = Release;
		};
		75225C251BE77031002022DD /* Build configuration list for PBXNativeTarget "navigation_Test1Tests" */ = {
			isa = XCConfigurationList;
			buildConfigurations = (
				75225C261BE77031002022DD /* Debug */,
				75225C271BE77031002022DD /* Release */,
			);
			defaultConfigurationIsVisible = 0;
			defaultConfigurationName = Release;
		};
		75225C281BE77031002022DD /* Build configuration list for PBXNativeTarget "navigation_Test1UITests" */ = {
			isa = XCConfigurationList;
			buildConfigurations = (
				75225C291BE77031002022DD /* Debug */,
				75225C2A1BE77031002022DD /* Release */,
			);
			defaultConfigurationIsVisible = 0;
			defaultConfigurationName = Release;
		};
/* End XCConfigurationList section */
	};
	rootObject = 75225BF21BE77031002022DD /* Project object */;
}
